// !$*UTF8*$!
{
	archiveVersion = 1;
	classes = {
	};
	objectVersion = 77;
	objects = {

/* Begin PBXBuildFile section */
		23E169382FB90D4C00B58EF4 /* AppDelegate.swift in Sources */ = {isa = PBXBuildFile; fileRef = 23E169372FB90D4C00B58EF4 /* AppDelegate.swift */; };
		23E1693C2FB90D4C00B58EF4 /* Main.html in Resources */ = {isa = PBXBuildFile; fileRef = 23E1693A2FB90D4C00B58EF4 /* Main.html */; };
		23E1693E2FB90D4C00B58EF4 /* Icon.png in Resources */ = {isa = PBXBuildFile; fileRef = 23E1693D2FB90D4C00B58EF4 /* Icon.png */; };
		23E169402FB90D4C00B58EF4 /* Style.css in Resources */ = {isa = PBXBuildFile; fileRef = 23E1693F2FB90D4C00B58EF4 /* Style.css */; };
		23E169422FB90D4C00B58EF4 /* Script.js in Resources */ = {isa = PBXBuildFile; fileRef = 23E169412FB90D4C00B58EF4 /* Script.js */; };
		23E169442FB90D4C00B58EF4 /* ViewController.swift in Sources */ = {isa = PBXBuildFile; fileRef = 23E169432FB90D4C00B58EF4 /* ViewController.swift */; };
		23E169472FB90D4C00B58EF4 /* Main.storyboard in Resources */ = {isa = PBXBuildFile; fileRef = 23E169452FB90D4C00B58EF4 /* Main.storyboard */; };
		23E169492FB90D4D00B58EF4 /* Assets.xcassets in Resources */ = {isa = PBXBuildFile; fileRef = 23E169482FB90D4D00B58EF4 /* Assets.xcassets */; };
		23E169502FB90D4D00B58EF4 /* WordPress Browser Extension Extension.appex in Embed Foundation Extensions */ = {isa = PBXBuildFile; fileRef = 23E1694F2FB90D4D00B58EF4 /* WordPress Browser Extension Extension.appex */; settings = {ATTRIBUTES = (RemoveHeadersOnCopy, ); }; };
		23E169552FB90D4D00B58EF4 /* SafariWebExtensionHandler.swift in Sources */ = {isa = PBXBuildFile; fileRef = 23E169542FB90D4D00B58EF4 /* SafariWebExtensionHandler.swift */; };
		23E169682FB90D4D00B58EF4 /* popup in Resources */ = {isa = PBXBuildFile; fileRef = 23E169612FB90D4D00B58EF4 /* popup */; };
		23E169692FB90D4D00B58EF4 /* background.js in Resources */ = {isa = PBXBuildFile; fileRef = 23E169622FB90D4D00B58EF4 /* background.js */; };
		23E1696A2FB90D4D00B58EF4 /* dist in Resources */ = {isa = PBXBuildFile; fileRef = 23E169632FB90D4D00B58EF4 /* dist */; };
		23E1696B2FB90D4D00B58EF4 /* icons in Resources */ = {isa = PBXBuildFile; fileRef = 23E169642FB90D4D00B58EF4 /* icons */; };
		23E1696C2FB90D4D00B58EF4 /* manifest.json in Resources */ = {isa = PBXBuildFile; fileRef = 23E169652FB90D4D00B58EF4 /* manifest.json */; };
		23E1696D2FB90D4D00B58EF4 /* lib in Resources */ = {isa = PBXBuildFile; fileRef = 23E169662FB90D4D00B58EF4 /* lib */; };
		23E1696E2FB90D4D00B58EF4 /* content.js in Resources */ = {isa = PBXBuildFile; fileRef = 23E169672FB90D4D00B58EF4 /* content.js */; };
		23E16A022FB90D4D00B58EF4 /* options in Resources */ = {isa = PBXBuildFile; fileRef = 23E16A012FB90D4D00B58EF4 /* options */; };
/* End PBXBuildFile section */

/* Begin PBXContainerItemProxy section */
		23E169512FB90D4D00B58EF4 /* PBXContainerItemProxy */ = {
			isa = PBXContainerItemProxy;
			containerPortal = 23E1692C2FB90D4C00B58EF4 /* Project object */;
			proxyType = 1;
			remoteGlobalIDString = 23E1694E2FB90D4D00B58EF4;
			remoteInfo = "WordPress Browser Extension Extension";
		};
/* End PBXContainerItemProxy section */

/* Begin PBXCopyFilesBuildPhase section */
		23E1695C2FB90D4D00B58EF4 /* Embed Foundation Extensions */ = {
			isa = PBXCopyFilesBuildPhase;
			buildActionMask = 2147483647;
			dstPath = "";
			dstSubfolderSpec = 13;
			files = (
				23E169502FB90D4D00B58EF4 /* WordPress Browser Extension Extension.appex in Embed Foundation Extensions */,
			);
			name = "Embed Foundation Extensions";
			runOnlyForDeploymentPostprocessing = 0;
		};
/* End PBXCopyFilesBuildPhase section */

/* Begin PBXFileReference section */
		23E169342FB90D4C00B58EF4 /* WordPress Browser Extension.app */ = {isa = PBXFileReference; explicitFileType = wrapper.application; includeInIndex = 0; path = "WordPress Browser Extension.app"; sourceTree = BUILT_PRODUCTS_DIR; };
		23E169372FB90D4C00B58EF4 /* AppDelegate.swift */ = {isa = PBXFileReference; lastKnownFileType = sourcecode.swift; path = AppDelegate.swift; sourceTree = "<group>"; };
		23E1693B2FB90D4C00B58EF4 /* Base */ = {isa = PBXFileReference; lastKnownFileType = text.html; name = Base; path = Base.lproj/Main.html; sourceTree = "<group>"; };
		23E1693D2FB90D4C00B58EF4 /* Icon.png */ = {isa = PBXFileReference; lastKnownFileType = image.png; path = Icon.png; sourceTree = "<group>"; };
		23E1693F2FB90D4C00B58EF4 /* Style.css */ = {isa = PBXFileReference; lastKnownFileType = text.css; path = Style.css; sourceTree = "<group>"; };
		23E169412FB90D4C00B58EF4 /* Script.js */ = {isa = PBXFileReference; lastKnownFileType = sourcecode.javascript; path = Script.js; sourceTree = "<group>"; };
		23E169432FB90D4C00B58EF4 /* ViewController.swift */ = {isa = PBXFileReference; lastKnownFileType = sourcecode.swift; path = ViewController.swift; sourceTree = "<group>"; };
		23E169462FB90D4C00B58EF4 /* Base */ = {isa = PBXFileReference; lastKnownFileType = file.storyboard; name = Base; path = Base.lproj/Main.storyboard; sourceTree = "<group>"; };
		23E169482FB90D4D00B58EF4 /* Assets.xcassets */ = {isa = PBXFileReference; lastKnownFileType = folder.assetcatalog; path = Assets.xcassets; sourceTree = "<group>"; };
		23E1694A2FB90D4D00B58EF4 /* Info.plist */ = {isa = PBXFileReference; lastKnownFileType = text.plist.xml; path = Info.plist; sourceTree = "<group>"; };
		23E1694F2FB90D4D00B58EF4 /* WordPress Browser Extension Extension.appex */ = {isa = PBXFileReference; explicitFileType = "wrapper.app-extension"; includeInIndex = 0; path = "WordPress Browser Extension Extension.appex"; sourceTree = BUILT_PRODUCTS_DIR; };
		23E169542FB90D4D00B58EF4 /* SafariWebExtensionHandler.swift */ = {isa = PBXFileReference; lastKnownFileType = sourcecode.swift; path = SafariWebExtensionHandler.swift; sourceTree = "<group>"; };
		23E169562FB90D4D00B58EF4 /* Info.plist */ = {isa = PBXFileReference; lastKnownFileType = text.plist.xml; path = Info.plist; sourceTree = "<group>"; };
		23E169612FB90D4D00B58EF4 /* popup */ = {isa = PBXFileReference; lastKnownFileType = folder; name = popup; path = Resources/popup; sourceTree = "<group>"; };
		23E169622FB90D4D00B58EF4 /* background.js */ = {isa = PBXFileReference; lastKnownFileType = sourcecode.javascript; name = background.js; path = Resources/background.js; sourceTree = "<group>"; };
		23E169632FB90D4D00B58EF4 /* dist */ = {isa = PBXFileReference; lastKnownFileType = folder; name = dist; path = Resources/dist; sourceTree = "<group>"; };
		23E169642FB90D4D00B58EF4 /* icons */ = {isa = PBXFileReference; lastKnownFileType = folder; name = icons; path = Resources/icons; sourceTree = "<group>"; };
		23E169652FB90D4D00B58EF4 /* manifest.json */ = {isa = PBXFileReference; lastKnownFileType = text.json; name = manifest.json; path = Resources/manifest.json; sourceTree = "<group>"; };
		23E169662FB90D4D00B58EF4 /* lib */ = {isa = PBXFileReference; lastKnownFileType = folder; name = lib; path = Resources/lib; sourceTree = "<group>"; };
		23E169672FB90D4D00B58EF4 /* content.js */ = {isa = PBXFileReference; lastKnownFileType = sourcecode.javascript; name = content.js; path = Resources/content.js; sourceTree = "<group>"; };
		23E16A012FB90D4D00B58EF4 /* options */ = {isa = PBXFileReference; lastKnownFileType = folder; name = options; path = Resources/options; sourceTree = "<group>"; };
/* End PBXFileReference section */

/* Begin PBXFrameworksBuildPhase section */
		23E169312FB90D4C00B58EF4 /* Frameworks */ = {
			isa = PBXFrameworksBuildPhase;
			buildActionMask = 2147483647;
			files = (
			);
			runOnlyForDeploymentPostprocessing = 0;
		};
		23E1694C2FB90D4D00B58EF4 /* Frameworks */ = {
			isa = PBXFrameworksBuildPhase;
			buildActionMask = 2147483647;
			files = (
			);
			runOnlyForDeploymentPostprocessing = 0;
		};
/* End PBXFrameworksBuildPhase section */

/* Begin PBXGroup section */
		23E1692B2FB90D4C00B58EF4 = {
			isa = PBXGroup;
			children = (
				23E169362FB90D4C00B58EF4 /* WordPress Browser Extension */,
				23E169532FB90D4D00B58EF4 /* WordPress Browser Extension Extension */,
				23E169352FB90D4C00B58EF4 /* Products */,
			);
			sourceTree = "<group>";
		};
		23E169352FB90D4C00B58EF4 /* Products */ = {
			isa = PBXGroup;
			children = (
				23E169342FB90D4C00B58EF4 /* WordPress Browser Extension.app */,
				23E1694F2FB90D4D00B58EF4 /* WordPress Browser Extension Extension.appex */,
			);
			name = Products;
			sourceTree = "<group>";
		};
		23E169362FB90D4C00B58EF4 /* WordPress Browser Extension */ = {
			isa = PBXGroup;
			children = (
				23E169372FB90D4C00B58EF4 /* AppDelegate.swift */,
				23E169432FB90D4C00B58EF4 /* ViewController.swift */,
				23E169452FB90D4C00B58EF4 /* Main.storyboard */,
				23E169482FB90D4D00B58EF4 /* Assets.xcassets */,
				23E1694A2FB90D4D00B58EF4 /* Info.plist */,
				23E169392FB90D4C00B58EF4 /* Resources */,
			);
			path = "WordPress Browser Extension";
			sourceTree = "<group>";
		};
		23E169392FB90D4C00B58EF4 /* Resources */ = {
			isa = PBXGroup;
			children = (
				23E1693A2FB90D4C00B58EF4 /* Main.html */,
				23E1693D2FB90D4C00B58EF4 /* Icon.png */,
				23E1693F2FB90D4C00B58EF4 /* Style.css */,
				23E169412FB90D4C00B58EF4 /* Script.js */,
			);
			path = Resources;
			sourceTree = "<group>";
		};
		23E169532FB90D4D00B58EF4 /* WordPress Browser Extension Extension */ = {
			isa = PBXGroup;
			children = (
				23E169602FB90D4D00B58EF4 /* Resources */,
				23E169542FB90D4D00B58EF4 /* SafariWebExtensionHandler.swift */,
				23E169562FB90D4D00B58EF4 /* Info.plist */,
			);
			path = "WordPress Browser Extension Extension";
			sourceTree = "<group>";
		};
		23E169602FB90D4D00B58EF4 /* Resources */ = {
			isa = PBXGroup;
			children = (
				23E169612FB90D4D00B58EF4 /* popup */,
				23E169622FB90D4D00B58EF4 /* background.js */,
				23E169632FB90D4D00B58EF4 /* dist */,
				23E169642FB90D4D00B58EF4 /* icons */,
				23E169652FB90D4D00B58EF4 /* manifest.json */,
				23E169662FB90D4D00B58EF4 /* lib */,
				23E169672FB90D4D00B58EF4 /* content.js */,
				23E16A012FB90D4D00B58EF4 /* options */,
			);
			name = Resources;
			path = "WordPress Browser Extension Extension";
			sourceTree = SOURCE_ROOT;
		};
/* End PBXGroup section */

/* Begin PBXNativeTarget section */
		23E169332FB90D4C00B58EF4 /* WordPress Browser Extension */ = {
			isa = PBXNativeTarget;
			buildConfigurationList = 23E1695D2FB90D4D00B58EF4 /* Build configuration list for PBXNativeTarget "WordPress Browser Extension" */;
			buildPhases = (
				23E169302FB90D4C00B58EF4 /* Sources */,
				23E169312FB90D4C00B58EF4 /* Frameworks */,
				23E169322FB90D4C00B58EF4 /* Resources */,
				23E1695C2FB90D4D00B58EF4 /* Embed Foundation Extensions */,
			);
			buildRules = (
			);
			dependencies = (
				23E169522FB90D4D00B58EF4 /* PBXTargetDependency */,
			);
			name = "WordPress Browser Extension";
			packageProductDependencies = (
			);
			productName = "WordPress Browser Extension";
			productReference = 23E169342FB90D4C00B58EF4 /* WordPress Browser Extension.app */;
			productType = "com.apple.product-type.application";
		};
		23E1694E2FB90D4D00B58EF4 /* WordPress Browser Extension Extension */ = {
			isa = PBXNativeTarget;
			buildConfigurationList = 23E169592FB90D4D00B58EF4 /* Build configuration list for PBXNativeTarget "WordPress Browser Extension Extension" */;
			buildPhases = (
				23E1694B2FB90D4D00B58EF4 /* Sources */,
				23E1694C2FB90D4D00B58EF4 /* Frameworks */,
				23E1694D2FB90D4D00B58EF4 /* Resources */,
			);
			buildRules = (
			);
			dependencies = (
			);
			name = "WordPress Browser Extension Extension";
			packageProductDependencies = (
			);
			productName = "WordPress Browser Extension Extension";
			productReference = 23E1694F2FB90D4D00B58EF4 /* WordPress Browser Extension Extension.appex */;
			productType = "com.apple.product-type.app-extension";
		};
/* End PBXNativeTarget section */

/* Begin PBXProject section */
		23E1692C2FB90D4C00B58EF4 /* Project object */ = {
			isa = PBXProject;
			attributes = {
				BuildIndependentTargetsInParallel = 1;
				LastSwiftUpdateCheck = 2650;
				LastUpgradeCheck = 2650;
				TargetAttributes = {
					23E169332FB90D4C00B58EF4 = {
						CreatedOnToolsVersion = 26.5;
					};
					23E1694E2FB90D4D00B58EF4 = {
						CreatedOnToolsVersion = 26.5;
					};
				};
			};
			buildConfigurationList = 23E1692F2FB90D4C00B58EF4 /* Build configuration list for PBXProject "WordPress Browser Extension" */;
			developmentRegion = en;
			hasScannedForEncodings = 0;
			knownRegions = (
				en,
				Base,
			);
			mainGroup = 23E1692B2FB90D4C00B58EF4;
			minimizedProjectReferenceProxies = 1;
			preferredProjectObjectVersion = 77;
			productRefGroup = 23E169352FB90D4C00B58EF4 /* Products */;
			projectDirPath = "";
			projectRoot = "";
			targets = (
				23E169332FB90D4C00B58EF4 /* WordPress Browser Extension */,
				23E1694E2FB90D4D00B58EF4 /* WordPress Browser Extension Extension */,
			);
		};
/* End PBXProject section */

/* Begin PBXResourcesBuildPhase section */
		23E169322FB90D4C00B58EF4 /* Resources */ = {
			isa = PBXResourcesBuildPhase;
			buildActionMask = 2147483647;
			files = (
				23E1693E2FB90D4C00B58EF4 /* Icon.png in Resources */,
				23E169472FB90D4C00B58EF4 /* Main.storyboard in Resources */,
				23E169422FB90D4C00B58EF4 /* Script.js in Resources */,
				23E1693C2FB90D4C00B58EF4 /* Main.html in Resources */,
				23E169492FB90D4D00B58EF4 /* Assets.xcassets in Resources */,
				23E169402FB90D4C00B58EF4 /* Style.css in Resources */,
			);
			runOnlyForDeploymentPostprocessing = 0;
		};
		23E1694D2FB90D4D00B58EF4 /* Resources */ = {
			isa = PBXResourcesBuildPhase;
			buildActionMask = 2147483647;
			files = (
				23E1696D2FB90D4D00B58EF4 /* lib in Resources */,
				23E1696A2FB90D4D00B58EF4 /* dist in Resources */,
				23E1696B2FB90D4D00B58EF4 /* icons in Resources */,
				23E1696C2FB90D4D00B58EF4 /* manifest.json in Resources */,
				23E169692FB90D4D00B58EF4 /* background.js in Resources */,
				23E1696E2FB90D4D00B58EF4 /* content.js in Resources */,
				23E169682FB90D4D00B58EF4 /* popup in Resources */,
				23E16A022FB90D4D00B58EF4 /* options in Resources */,
			);
			runOnlyForDeploymentPostprocessing = 0;
		};
/* End PBXResourcesBuildPhase section */

/* Begin PBXSourcesBuildPhase section */
		23E169302FB90D4C00B58EF4 /* Sources */ = {
			isa = PBXSourcesBuildPhase;
			buildActionMask = 2147483647;
			files = (
				23E169442FB90D4C00B58EF4 /* ViewController.swift in Sources */,
				23E169382FB90D4C00B58EF4 /* AppDelegate.swift in Sources */,
			);
			runOnlyForDeploymentPostprocessing = 0;
		};
		23E1694B2FB90D4D00B58EF4 /* Sources */ = {
			isa = PBXSourcesBuildPhase;
			buildActionMask = 2147483647;
			files = (
				23E169552FB90D4D00B58EF4 /* SafariWebExtensionHandler.swift in Sources */,
			);
			runOnlyForDeploymentPostprocessing = 0;
		};
/* End PBXSourcesBuildPhase section */

/* Begin PBXTargetDependency section */
		23E169522FB90D4D00B58EF4 /* PBXTargetDependency */ = {
			isa = PBXTargetDependency;
			target = 23E1694E2FB90D4D00B58EF4 /* WordPress Browser Extension Extension */;
			targetProxy = 23E169512FB90D4D00B58EF4 /* PBXContainerItemProxy */;
		};
/* End PBXTargetDependency section */

/* Begin PBXVariantGroup section */
		23E1693A2FB90D4C00B58EF4 /* Main.html */ = {
			isa = PBXVariantGroup;
			children = (
				23E1693B2FB90D4C00B58EF4 /* Base */,
			);
			name = Main.html;
			sourceTree = "<group>";
		};
		23E169452FB90D4C00B58EF4 /* Main.storyboard */ = {
			isa = PBXVariantGroup;
			children = (
				23E169462FB90D4C00B58EF4 /* Base */,
			);
			name = Main.storyboard;
			sourceTree = "<group>";
		};
/* End PBXVariantGroup section */

/* Begin XCBuildConfiguration section */
		23E169572FB90D4D00B58EF4 /* Debug */ = {
			isa = XCBuildConfiguration;
			buildSettings = {
				ALWAYS_SEARCH_USER_PATHS = NO;
				ASSETCATALOG_COMPILER_GENERATE_SWIFT_ASSET_SYMBOL_EXTENSIONS = YES;
				CLANG_ANALYZER_NONNULL = YES;
				CLANG_ANALYZER_NUMBER_OBJECT_CONVERSION = YES_AGGRESSIVE;
				CLANG_CXX_LANGUAGE_STANDARD = "gnu++20";
				CLANG_ENABLE_MODULES = YES;
				CLANG_ENABLE_OBJC_ARC = YES;
				CLANG_ENABLE_OBJC_WEAK = YES;
				CLANG_WARN_BLOCK_CAPTURE_AUTORELEASING = YES;
				CLANG_WARN_BOOL_CONVERSION = YES;
				CLANG_WARN_COMMA = YES;
				CLANG_WARN_CONSTANT_CONVERSION = YES;
				CLANG_WARN_DEPRECATED_OBJC_IMPLEMENTATIONS = YES;
				CLANG_WARN_DIRECT_OBJC_ISA_USAGE = YES_ERROR;
				CLANG_WARN_DOCUMENTATION_COMMENTS = YES;
				CLANG_WARN_EMPTY_BODY = YES;
				CLANG_WARN_ENUM_CONVERSION = YES;
				CLANG_WARN_INFINITE_RECURSION = YES;
				CLANG_WARN_INT_CONVERSION = YES;
				CLANG_WARN_NON_LITERAL_NULL_CONVERSION = YES;
				CLANG_WARN_OBJC_IMPLICIT_RETAIN_SELF = YES;
				CLANG_WARN_OBJC_LITERAL_CONVERSION = YES;
				CLANG_WARN_OBJC_ROOT_CLASS = YES_ERROR;
				CLANG_WARN_QUOTED_INCLUDE_IN_FRAMEWORK_HEADER = YES;
				CLANG_WARN_RANGE_LOOP_ANALYSIS = YES;
				CLANG_WARN_STRICT_PROTOTYPES = YES;
				CLANG_WARN_SUSPICIOUS_MOVE = YES;
				CLANG_WARN_UNGUARDED_AVAILABILITY = YES_AGGRESSIVE;
				CLANG_WARN_UNREACHABLE_CODE = YES;
				CLANG_WARN__DUPLICATE_METHOD_MATCH = YES;
				COPY_PHASE_STRIP = NO;
				DEBUG_INFORMATION_FORMAT = dwarf;
				ENABLE_STRICT_OBJC_MSGSEND = YES;
				ENABLE_TESTABILITY = YES;
				ENABLE_USER_SCRIPT_SANDBOXING = YES;
				GCC_C_LANGUAGE_STANDARD = gnu17;
				GCC_DYNAMIC_NO_PIC = NO;
				GCC_NO_COMMON_BLOCKS = YES;
				GCC_OPTIMIZATION_LEVEL = 0;
				GCC_PREPROCESSOR_DEFINITIONS = (
					"DEBUG=1",
					"$(inherited)",
				);
				GCC_WARN_64_TO_32_BIT_CONVERSION = YES;
				GCC_WARN_ABOUT_RETURN_TYPE = YES_ERROR;
				GCC_WARN_UNDECLARED_SELECTOR = YES;
				GCC_WARN_UNINITIALIZED_AUTOS = YES_AGGRESSIVE;
				GCC_WARN_UNUSED_FUNCTION = YES;
				GCC_WARN_UNUSED_VARIABLE = YES;
				LOCALIZATION_PREFERS_STRING_CATALOGS = YES;
				MACOSX_DEPLOYMENT_TARGET = 26.5;
				MTL_ENABLE_DEBUG_INFO = INCLUDE_SOURCE;
				MTL_FAST_MATH = YES;
				ONLY_ACTIVE_ARCH = YES;
				SDKROOT = macosx;
				SWIFT_ACTIVE_COMPILATION_CONDITIONS = "DEBUG $(inherited)";
				SWIFT_OPTIMIZATION_LEVEL = "-Onone";
			};
			name = Debug;
		};
		23E169582FB90D4D00B58EF4 /* Release */ = {
			isa = XCBuildConfiguration;
			buildSettings = {
				ALWAYS_SEARCH_USER_PATHS = NO;
				ASSETCATALOG_COMPILER_GENERATE_SWIFT_ASSET_SYMBOL_EXTENSIONS = YES;
				CLANG_ANALYZER_NONNULL = YES;
				CLANG_ANALYZER_NUMBER_OBJECT_CONVERSION = YES_AGGRESSIVE;
				CLANG_CXX_LANGUAGE_STANDARD = "gnu++20";
				CLANG_ENABLE_MODULES = YES;
				CLANG_ENABLE_OBJC_ARC = YES;
				CLANG_ENABLE_OBJC_WEAK = YES;
				CLANG_WARN_BLOCK_CAPTURE_AUTORELEASING = YES;
				CLANG_WARN_BOOL_CONVERSION = YES;
				CLANG_WARN_COMMA = YES;
				CLANG_WARN_CONSTANT_CONVERSION = YES;
				CLANG_WARN_DEPRECATED_OBJC_IMPLEMENTATIONS = YES;
				CLANG_WARN_DIRECT_OBJC_ISA_USAGE = YES_ERROR;
				CLANG_WARN_DOCUMENTATION_COMMENTS = YES;
				CLANG_WARN_EMPTY_BODY = YES;
				CLANG_WARN_ENUM_CONVERSION = YES;
				CLANG_WARN_INFINITE_RECURSION = YES;
				CLANG_WARN_INT_CONVERSION = YES;
				CLANG_WARN_NON_LITERAL_NULL_CONVERSION = YES;
				CLANG_WARN_OBJC_IMPLICIT_RETAIN_SELF = YES;
				CLANG_WARN_OBJC_LITERAL_CONVERSION = YES;
				CLANG_WARN_OBJC_ROOT_CLASS = YES_ERROR;
				CLANG_WARN_QUOTED_INCLUDE_IN_FRAMEWORK_HEADER = YES;
				CLANG_WARN_RANGE_LOOP_ANALYSIS = YES;
				CLANG_WARN_STRICT_PROTOTYPES = YES;
				CLANG_WARN_SUSPICIOUS_MOVE = YES;
				CLANG_WARN_UNGUARDED_AVAILABILITY = YES_AGGRESSIVE;
				CLANG_WARN_UNREACHABLE_CODE = YES;
				CLANG_WARN__DUPLICATE_METHOD_MATCH = YES;
				COPY_PHASE_STRIP = NO;
				DEBUG_INFORMATION_FORMAT = "dwarf-with-dsym";
				ENABLE_NS_ASSERTIONS = NO;
				ENABLE_STRICT_OBJC_MSGSEND = YES;
				ENABLE_USER_SCRIPT_SANDBOXING = YES;
				GCC_C_LANGUAGE_STANDARD = gnu17;
				GCC_NO_COMMON_BLOCKS = YES;
				GCC_WARN_64_TO_32_BIT_CONVERSION = YES;
				GCC_WARN_ABOUT_RETURN_TYPE = YES_ERROR;
				GCC_WARN_UNDECLARED_SELECTOR = YES;
				GCC_WARN_UNINITIALIZED_AUTOS = YES_AGGRESSIVE;
				GCC_WARN_UNUSED_FUNCTION = YES;
				GCC_WARN_UNUSED_VARIABLE = YES;
				LOCALIZATION_PREFERS_STRING_CATALOGS = YES;
				MACOSX_DEPLOYMENT_TARGET = 26.5;
				MTL_ENABLE_DEBUG_INFO = NO;
				MTL_FAST_MATH = YES;
				SDKROOT = macosx;
				SWIFT_COMPILATION_MODE = wholemodule;
			};
			name = Release;
		};
		23E1695A2FB90D4D00B58EF4 /* Debug */ = {
			isa = XCBuildConfiguration;
			buildSettings = {
				CODE_SIGN_STYLE = Automatic;
				CURRENT_PROJECT_VERSION = 1;
				ENABLE_APP_SANDBOX = YES;
				ENABLE_HARDENED_RUNTIME = YES;
				ENABLE_USER_SELECTED_FILES = readonly;
				GENERATE_INFOPLIST_FILE = YES;
				INFOPLIST_FILE = "WordPress Browser Extension Extension/Info.plist";
				INFOPLIST_KEY_CFBundleDisplayName = "WordPress Browser Extension Extension";
				INFOPLIST_KEY_NSHumanReadableCopyright = "";
				LD_RUNPATH_SEARCH_PATHS = (
					"$(inherited)",
					"@executable_path/../Frameworks",
					"@executable_path/../../../../Frameworks",
				);
				MACOSX_DEPLOYMENT_TARGET = 10.14;
				MARKETING_VERSION = 0.9.0;
				OTHER_LDFLAGS = (
					"-framework",
					SafariServices,
				);
				PRODUCT_BUNDLE_IDENTIFIER = "com.fabiankaegy.wp-detective.Extension";
				PRODUCT_NAME = "$(TARGET_NAME)";
				SKIP_INSTALL = YES;
				STRING_CATALOG_GENERATE_SYMBOLS = YES;
				SWIFT_APPROACHABLE_CONCURRENCY = YES;
				SWIFT_EMIT_LOC_STRINGS = YES;
				SWIFT_UPCOMING_FEATURE_MEMBER_IMPORT_VISIBILITY = YES;
				SWIFT_VERSION = 5.0;
			};
			name = Debug;
		};
		23E1695B2FB90D4D00B58EF4 /* Release */ = {
			isa = XCBuildConfiguration;
			buildSettings = {
				CODE_SIGN_STYLE = Automatic;
				CURRENT_PROJECT_VERSION = 1;
				ENABLE_APP_SANDBOX = YES;
				ENABLE_HARDENED_RUNTIME = YES;
				ENABLE_USER_SELECTED_FILES = readonly;
				GENERATE_INFOPLIST_FILE = YES;
				INFOPLIST_FILE = "WordPress Browser Extension Extension/Info.plist";
				INFOPLIST_KEY_CFBundleDisplayName = "WordPress Browser Extension Extension";
				INFOPLIST_KEY_NSHumanReadableCopyright = "";
				LD_RUNPATH_SEARCH_PATHS = (
					"$(inherited)",
					"@executable_path/../Frameworks",
					"@executable_path/../../../../Frameworks",
				);
				MACOSX_DEPLOYMENT_TARGET = 10.14;
				MARKETING_VERSION = 0.9.0;
				OTHER_LDFLAGS = (
					"-framework",
					SafariServices,
				);
				PRODUCT_BUNDLE_IDENTIFIER = "com.fabiankaegy.wp-detective.Extension";
				PRODUCT_NAME = "$(TARGET_NAME)";
				SKIP_INSTALL = YES;
				STRING_CATALOG_GENERATE_SYMBOLS = YES;
				SWIFT_APPROACHABLE_CONCURRENCY = YES;
				SWIFT_EMIT_LOC_STRINGS = YES;
				SWIFT_UPCOMING_FEATURE_MEMBER_IMPORT_VISIBILITY = YES;
				SWIFT_VERSION = 5.0;
			};
			name = Release;
		};
		23E1695E2FB90D4D00B58EF4 /* Debug */ = {
			isa = XCBuildConfiguration;
			buildSettings = {
				ASSETCATALOG_COMPILER_APPICON_NAME = AppIcon;
				ASSETCATALOG_COMPILER_GLOBAL_ACCENT_COLOR_NAME = AccentColor;
				CODE_SIGN_STYLE = Automatic;
				COMBINE_HIDPI_IMAGES = YES;
				CURRENT_PROJECT_VERSION = 1;
				ENABLE_APP_SANDBOX = YES;
				ENABLE_HARDENED_RUNTIME = YES;
				ENABLE_OUTGOING_NETWORK_CONNECTIONS = YES;
				ENABLE_USER_SELECTED_FILES = readonly;
				GENERATE_INFOPLIST_FILE = YES;
				INFOPLIST_FILE = "WordPress Browser Extension/Info.plist";
				INFOPLIST_KEY_CFBundleDisplayName = "WordPress Browser Extension";
				INFOPLIST_KEY_NSHumanReadableCopyright = "";
				INFOPLIST_KEY_NSMainStoryboardFile = Main;
				INFOPLIST_KEY_NSPrincipalClass = NSApplication;
				LD_RUNPATH_SEARCH_PATHS = (
					"$(inherited)",
					"@executable_path/../Frameworks",
				);
				MARKETING_VERSION = 0.9.0;
				OTHER_LDFLAGS = (
					"-framework",
					SafariServices,
					"-framework",
					WebKit,
				);
				PRODUCT_BUNDLE_IDENTIFIER = "com.fabiankaegy.wp-detective";
				PRODUCT_NAME = "$(TARGET_NAME)";
				REGISTER_APP_GROUPS = YES;
				STRING_CATALOG_GENERATE_SYMBOLS = YES;
				SWIFT_APPROACHABLE_CONCURRENCY = YES;
				SWIFT_DEFAULT_ACTOR_ISOLATION = MainActor;
				SWIFT_EMIT_LOC_STRINGS = YES;
				SWIFT_UPCOMING_FEATURE_MEMBER_IMPORT_VISIBILITY = YES;
				SWIFT_VERSION = 5.0;
			};
			name = Debug;
		};
		23E1695F2FB90D4D00B58EF4 /* Release */ = {
			isa = XCBuildConfiguration;
			buildSettings = {
				ASSETCATALOG_COMPILER_APPICON_NAME = AppIcon;
				ASSETCATALOG_COMPILER_GLOBAL_ACCENT_COLOR_NAME = AccentColor;
				CODE_SIGN_STYLE = Automatic;
				COMBINE_HIDPI_IMAGES = YES;
				CURRENT_PROJECT_VERSION = 1;
				ENABLE_APP_SANDBOX = YES;
				ENABLE_HARDENED_RUNTIME = YES;
				ENABLE_OUTGOING_NETWORK_CONNECTIONS = YES;
				ENABLE_USER_SELECTED_FILES = readonly;
				GENERATE_INFOPLIST_FILE = YES;
				INFOPLIST_FILE = "WordPress Browser Extension/Info.plist";
				INFOPLIST_KEY_CFBundleDisplayName = "WordPress Browser Extension";
				INFOPLIST_KEY_NSHumanReadableCopyright = "";
				INFOPLIST_KEY_NSMainStoryboardFile = Main;
				INFOPLIST_KEY_NSPrincipalClass = NSApplication;
				LD_RUNPATH_SEARCH_PATHS = (
					"$(inherited)",
					"@executable_path/../Frameworks",
				);
				MARKETING_VERSION = 0.9.0;
				OTHER_LDFLAGS = (
					"-framework",
					SafariServices,
					"-framework",
					WebKit,
				);
				PRODUCT_BUNDLE_IDENTIFIER = "com.fabiankaegy.wp-detective";
				PRODUCT_NAME = "$(TARGET_NAME)";
				REGISTER_APP_GROUPS = YES;
				STRING_CATALOG_GENERATE_SYMBOLS = YES;
				SWIFT_APPROACHABLE_CONCURRENCY = YES;
				SWIFT_DEFAULT_ACTOR_ISOLATION = MainActor;
				SWIFT_EMIT_LOC_STRINGS = YES;
				SWIFT_UPCOMING_FEATURE_MEMBER_IMPORT_VISIBILITY = YES;
				SWIFT_VERSION = 5.0;
			};
			name = Release;
		};
/* End XCBuildConfiguration section */

/* Begin XCConfigurationList section */
		23E1692F2FB90D4C00B58EF4 /* Build configuration list for PBXProject "WordPress Browser Extension" */ = {
			isa = XCConfigurationList;
			buildConfigurations = (
				23E169572FB90D4D00B58EF4 /* Debug */,
				23E169582FB90D4D00B58EF4 /* Release */,
			);
			defaultConfigurationIsVisible = 0;
			defaultConfigurationName = Release;
		};
		23E169592FB90D4D00B58EF4 /* Build configuration list for PBXNativeTarget "WordPress Browser Extension Extension" */ = {
			isa = XCConfigurationList;
			buildConfigurations = (
				23E1695A2FB90D4D00B58EF4 /* Debug */,
				23E1695B2FB90D4D00B58EF4 /* Release */,
			);
			defaultConfigurationIsVisible = 0;
			defaultConfigurationName = Release;
		};
		23E1695D2FB90D4D00B58EF4 /* Build configuration list for PBXNativeTarget "WordPress Browser Extension" */ = {
			isa = XCConfigurationList;
			buildConfigurations = (
				23E1695E2FB90D4D00B58EF4 /* Debug */,
				23E1695F2FB90D4D00B58EF4 /* Release */,
			);
			defaultConfigurationIsVisible = 0;
			defaultConfigurationName = Release;
		};
/* End XCConfigurationList section */
	};
	rootObject = 23E1692C2FB90D4C00B58EF4 /* Project object */;
}
